// !$*UTF8*$!
{
	archiveVersion = 1;
	classes = {
	};
	objectVersion = 56;
	objects = {

/* Begin PBXBuildFile section */
		FA247E2D2B39DC530066D76D /* DetailView.swift in Sources */ = {isa = PBXBuildFile; fileRef = FA247E2C2B39DC530066D76D /* DetailView.swift */; };
		FA247E2F2B39ED900066D76D /* CreateView.swift in Sources */ = {isa = PBXBuildFile; fileRef = FA247E2E2B39ED900066D76D /* CreateView.swift */; };
		FA247E6B2B3B19890066D76D /* MapView.swift in Sources */ = {isa = PBXBuildFile; fileRef = FA247E6A2B3B19890066D76D /* MapView.swift */; };
		FA247E6D2B3B1D510066D76D /* WeatherView.swift in Sources */ = {isa = PBXBuildFile; fileRef = FA247E6C2B3B1D510066D76D /* WeatherView.swift */; };
		FA247E772B3B58140066D76D /* TempView.swift in Sources */ = {isa = PBXBuildFile; fileRef = FA247E762B3B58140066D76D /* TempView.swift */; };
		FA247E7D2B3C01DA0066D76D /* Colors.swift in Sources */ = {isa = PBXBuildFile; fileRef = FA247E7C2B3C01DA0066D76D /* Colors.swift */; };
		FA3CF2F62B446D38002833B5 /* DelaGothicOne-Regular.ttf in Resources */ = {isa = PBXBuildFile; fileRef = FA3CF2F52B446D38002833B5 /* DelaGothicOne-Regular.ttf */; };
		FA3CF3002B44709F002833B5 /* SpecialElite-Regular.ttf in Resources */ = {isa = PBXBuildFile; fileRef = FA3CF2FF2B44709F002833B5 /* SpecialElite-Regular.ttf */; };
		FA42FD9F2B336391004B1220 /* TravelDiaryApp.swift in Sources */ = {isa = PBXBuildFile; fileRef = FA42FD9E2B336391004B1220 /* TravelDiaryApp.swift */; };
		FA42FDA12B336391004B1220 /* ContentView.swift in Sources */ = {isa = PBXBuildFile; fileRef = FA42FDA02B336391004B1220 /* ContentView.swift */; };
		FA42FDA32B336391004B1220 /* Item.swift in Sources */ = {isa = PBXBuildFile; fileRef = FA42FDA22B336391004B1220 /* Item.swift */; };
		FA42FDA52B336393004B1220 /* Assets.xcassets in Resources */ = {isa = PBXBuildFile; fileRef = FA42FDA42B336393004B1220 /* Assets.xcassets */; };
		FA42FDA82B336393004B1220 /* Preview Assets.xcassets in Resources */ = {isa = PBXBuildFile; fileRef = FA42FDA72B336393004B1220 /* Preview Assets.xcassets */; };
/* End PBXBuildFile section */

/* Begin PBXFileReference section */
		FA247E2C2B39DC530066D76D /* DetailView.swift */ = {isa = PBXFileReference; lastKnownFileType = sourcecode.swift; path = DetailView.swift; sourceTree = "<group>"; };
		FA247E2E2B39ED900066D76D /* CreateView.swift */ = {isa = PBXFileReference; lastKnownFileType = sourcecode.swift; path = CreateView.swift; sourceTree = "<group>"; };
		FA247E6A2B3B19890066D76D /* MapView.swift */ = {isa = PBXFileReference; lastKnownFileType = sourcecode.swift; path = MapView.swift; sourceTree = "<group>"; };
		FA247E6C2B3B1D510066D76D /* WeatherView.swift */ = {isa = PBXFileReference; lastKnownFileType = sourcecode.swift; path = WeatherView.swift; sourceTree = "<group>"; };
		FA247E762B3B58140066D76D /* TempView.swift */ = {isa = PBXFileReference; lastKnownFileType = sourcecode.swift; path = TempView.swift; sourceTree = "<group>"; };
		FA247E7C2B3C01DA0066D76D /* Colors.swift */ = {isa = PBXFileReference; lastKnownFileType = sourcecode.swift; path = Colors.swift; sourceTree = "<group>"; };
		FA3CF2F52B446D38002833B5 /* DelaGothicOne-Regular.ttf */ = {isa = PBXFileReference; lastKnownFileType = file; path = "DelaGothicOne-Regular.ttf"; sourceTree = "<group>"; };
		FA3CF2FF2B44709F002833B5 /* SpecialElite-Regular.ttf */ = {isa = PBXFileReference; lastKnownFileType = file; path = "SpecialElite-Regular.ttf"; sourceTree = "<group>"; };
		FA42FD9B2B336391004B1220 /* TravelDiary.app */ = {isa = PBXFileReference; explicitFileType = wrapper.application; includeInIndex = 0; path = TravelDiary.app; sourceTree = BUILT_PRODUCTS_DIR; };
		FA42FD9E2B336391004B1220 /* TravelDiaryApp.swift */ = {isa = PBXFileReference; lastKnownFileType = sourcecode.swift; path = TravelDiaryApp.swift; sourceTree = "<group>"; };
		FA42FDA02B336391004B1220 /* ContentView.swift */ = {isa = PBXFileReference; lastKnownFileType = sourcecode.swift; path = ContentView.swift; sourceTree = "<group>"; };
		FA42FDA22B336391004B1220 /* Item.swift */ = {isa = PBXFileReference; lastKnownFileType = sourcecode.swift; path = Item.swift; sourceTree = "<group>"; };
		FA42FDA42B336393004B1220 /* Assets.xcassets */ = {isa = PBXFileReference; lastKnownFileType = folder.assetcatalog; path = Assets.xcassets; sourceTree = "<group>"; };
		FA42FDA72B336393004B1220 /* Preview Assets.xcassets */ = {isa = PBXFileReference; lastKnownFileType = folder.assetcatalog; path = "Preview Assets.xcassets"; sourceTree = "<group>"; };
		FA42FDA92B336393004B1220 /* TravelDiary.entitlements */ = {isa = PBXFileReference; lastKnownFileType = text.plist.entitlements; path = TravelDiary.entitlements; sourceTree = "<group>"; };
		FA42FDAA2B336394004B1220 /* Info.plist */ = {isa = PBXFileReference; lastKnownFileType = text.plist.xml; path = Info.plist; sourceTree = "<group>"; };
/* End PBXFileReference section */

/* Begin PBXFrameworksBuildPhase section */
		FA42FD982B336391004B1220 /* Frameworks */ = {
			isa = PBXFrameworksBuildPhase;
			buildActionMask = 2147483647;
			files = (
			);
			runOnlyForDeploymentPostprocessing = 0;
		};
/* End PBXFrameworksBuildPhase section */

/* Begin PBXGroup section */
		FA42FD922B336391004B1220 = {
			isa = PBXGroup;
			children = (
				FA42FD9D2B336391004B1220 /* TravelDiary */,
				FA42FD9C2B336391004B1220 /* Products */,
			);
			sourceTree = "<group>";
		};
		FA42FD9C2B336391004B1220 /* Products */ = {
			isa = PBXGroup;
			children = (
				FA42FD9B2B336391004B1220 /* TravelDiary.app */,
			);
			name = Products;
			sourceTree = "<group>";
		};
		FA42FD9D2B336391004B1220 /* TravelDiary */ = {
			isa = PBXGroup;
			children = (
				FA42FD9E2B336391004B1220 /* TravelDiaryApp.swift */,
				FA42FDA02B336391004B1220 /* ContentView.swift */,
				FA247E2C2B39DC530066D76D /* DetailView.swift */,
				FA247E2E2B39ED900066D76D /* CreateView.swift */,
				FA247E6A2B3B19890066D76D /* MapView.swift */,
				FA247E6C2B3B1D510066D76D /* WeatherView.swift */,
				FA247E762B3B58140066D76D /* TempView.swift */,
				FA247E7C2B3C01DA0066D76D /* Colors.swift */,
				FA42FDA22B336391004B1220 /* Item.swift */,
				FA3CF2F52B446D38002833B5 /* DelaGothicOne-Regular.ttf */,
				FA3CF2FF2B44709F002833B5 /* SpecialElite-Regular.ttf */,
				FA42FDA42B336393004B1220 /* Assets.xcassets */,
				FA42FDA92B336393004B1220 /* TravelDiary.entitlements */,
				FA42FDAA2B336394004B1220 /* Info.plist */,
				FA42FDA62B336393004B1220 /* Preview Content */,
			);
			path = TravelDiary;
			sourceTree = "<group>";
		};
		FA42FDA62B336393004B1220 /* Preview Content */ = {
			isa = PBXGroup;
			children = (
				FA42FDA72B336393004B1220 /* Preview Assets.xcassets */,
			);
			path = "Preview Content";
			sourceTree = "<group>";
		};
/* End PBXGroup section */

/* Begin PBXNativeTarget section */
		FA42FD9A2B336391004B1220 /* TravelDiary */ = {
			isa = PBXNativeTarget;
			buildConfigurationList = FA42FDAD2B336394004B1220 /* Build configuration list for PBXNativeTarget "TravelDiary" */;
			buildPhases = (
				FA42FD972B336391004B1220 /* Sources */,
				FA42FD982B336391004B1220 /* Frameworks */,
				FA42FD992B336391004B1220 /* Resources */,
			);
			buildRules = (
			);
			dependencies = (
			);
			name = TravelDiary;
			productName = TravelDiary;
			productReference = FA42FD9B2B336391004B1220 /* TravelDiary.app */;
			productType = "com.apple.product-type.application";
		};
/* End PBXNativeTarget section */

/* Begin PBXProject section */
		FA42FD932B336391004B1220 /* Project object */ = {
			isa = PBXProject;
			attributes = {
				BuildIndependentTargetsInParallel = 1;
				LastSwiftUpdateCheck = 1510;
				LastUpgradeCheck = 1510;
				TargetAttributes = {
					FA42FD9A2B336391004B1220 = {
						CreatedOnToolsVersion = 15.1;
					};
				};
			};
			buildConfigurationList = FA42FD962B336391004B1220 /* Build configuration list for PBXProject "TravelDiary" */;
			compatibilityVersion = "Xcode 14.0";
			developmentRegion = en;
			hasScannedForEncodings = 0;
			knownRegions = (
				en,
				Base,
			);
			mainGroup = FA42FD922B336391004B1220;
			productRefGroup = FA42FD9C2B336391004B1220 /* Products */;
			projectDirPath = "";
			projectRoot = "";
			targets = (
				FA42FD9A2B336391004B1220 /* TravelDiary */,
			);
		};
/* End PBXProject section */

/* Begin PBXResourcesBuildPhase section */
		FA42FD992B336391004B1220 /* Resources */ = {
			isa = PBXResourcesBuildPhase;
			buildActionMask = 2147483647;
			files = (
				FA42FDA82B336393004B1220 /* Preview Assets.xcassets in Resources */,
				FA42FDA52B336393004B1220 /* Assets.xcassets in Resources */,
				FA3CF2F62B446D38002833B5 /* DelaGothicOne-Regular.ttf in Resources */,
				FA3CF3002B44709F002833B5 /* SpecialElite-Regular.ttf in Resources */,
			);
			runOnlyForDeploymentPostprocessing = 0;
		};
/* End PBXResourcesBuildPhase section */

/* Begin PBXSourcesBuildPhase section */
		FA42FD972B336391004B1220 /* Sources */ = {
			isa = PBXSourcesBuildPhase;
			buildActionMask = 2147483647;
			files = (
				FA42FDA12B336391004B1220 /* ContentView.swift in Sources */,
				FA247E7D2B3C01DA0066D76D /* Colors.swift in Sources */,
				FA247E6B2B3B19890066D76D /* MapView.swift in Sources */,
				FA247E772B3B58140066D76D /* TempView.swift in Sources */,
				FA247E2D2B39DC530066D76D /* DetailView.swift in Sources */,
				FA42FDA32B336391004B1220 /* Item.swift in Sources */,
				FA42FD9F2B336391004B1220 /* TravelDiaryApp.swift in Sources */,
				FA247E6D2B3B1D510066D76D /* WeatherView.swift in Sources */,
				FA247E2F2B39ED900066D76D /* CreateView.swift in Sources */,
			);
			runOnlyForDeploymentPostprocessing = 0;
		};
/* End PBXSourcesBuildPhase section */

/* Begin XCBuildConfiguration section */
		FA42FDAB2B336394004B1220 /* Debug */ = {
			isa = XCBuildConfiguration;
			buildSettings = {
				ALWAYS_SEARCH_USER_PATHS = NO;
				ASSETCATALOG_COMPILER_GENERATE_SWIFT_ASSET_SYMBOL_EXTENSIONS = YES;
				CLANG_ANALYZER_NONNULL = YES;
				CLANG_ANALYZER_NUMBER_OBJECT_CONVERSION = YES_AGGRESSIVE;
				CLANG_CXX_LANGUAGE_STANDARD = "gnu++20";
				CLANG_ENABLE_MODULES = YES;
				CLANG_ENABLE_OBJC_ARC = YES;
				CLANG_ENABLE_OBJC_WEAK = YES;
				CLANG_WARN_BLOCK_CAPTURE_AUTORELEASING = YES;
				CLANG_WARN_BOOL_CONVERSION = YES;
				CLANG_WARN_COMMA = YES;
				CLANG_WARN_CONSTANT_CONVERSION = YES;
				CLANG_WARN_DEPRECATED_OBJC_IMPLEMENTATIONS = YES;
				CLANG_WARN_DIRECT_OBJC_ISA_USAGE = YES_ERROR;
				CLANG_WARN_DOCUMENTATION_COMMENTS = YES;
				CLANG_WARN_EMPTY_BODY = YES;
				CLANG_WARN_ENUM_CONVERSION = YES;
				CLANG_WARN_INFINITE_RECURSION = YES;
				CLANG_WARN_INT_CONVERSION = YES;
				CLANG_WARN_NON_LITERAL_NULL_CONVERSION = YES;
				CLANG_WARN_OBJC_IMPLICIT_RETAIN_SELF = YES;
				CLANG_WARN_OBJC_LITERAL_CONVERSION = YES;
				CLANG_WARN_OBJC_ROOT_CLASS = YES_ERROR;
				CLANG_WARN_QUOTED_INCLUDE_IN_FRAMEWORK_HEADER = YES;
				CLANG_WARN_RANGE_LOOP_ANALYSIS = YES;
				CLANG_WARN_STRICT_PROTOTYPES = YES;
				CLANG_WARN_SUSPICIOUS_MOVE = YES;
				CLANG_WARN_UNGUARDED_AVAILABILITY = YES_AGGRESSIVE;
				CLANG_WARN_UNREACHABLE_CODE = YES;
				CLANG_WARN__DUPLICATE_METHOD_MATCH = YES;
				COPY_PHASE_STRIP = NO;
				DEBUG_INFORMATION_FORMAT = dwarf;
				ENABLE_STRICT_OBJC_MSGSEND = YES;
				ENABLE_TESTABILITY = YES;
				ENABLE_USER_SCRIPT_SANDBOXING = YES;
				GCC_C_LANGUAGE_STANDARD = gnu17;
				GCC_DYNAMIC_NO_PIC = NO;
				GCC_NO_COMMON_BLOCKS = YES;
				GCC_OPTIMIZATION_LEVEL = 0;
				GCC_PREPROCESSOR_DEFINITIONS = (
					"DEBUG=1",
					"$(inherited)",
				);
				GCC_WARN_64_TO_32_BIT_CONVERSION = YES;
				GCC_WARN_ABOUT_RETURN_TYPE = YES_ERROR;
				GCC_WARN_UNDECLARED_SELECTOR = YES;
				GCC_WARN_UNINITIALIZED_AUTOS = YES_AGGRESSIVE;
				GCC_WARN_UNUSED_FUNCTION = YES;
				GCC_WARN_UNUSED_VARIABLE = YES;
				IPHONEOS_DEPLOYMENT_TARGET = 17.2;
				LOCALIZATION_PREFERS_STRING_CATALOGS = YES;
				MTL_ENABLE_DEBUG_INFO = INCLUDE_SOURCE;
				MTL_FAST_MATH = YES;
				ONLY_ACTIVE_ARCH = YES;
				SDKROOT = iphoneos;
				SWIFT_ACTIVE_COMPILATION_CONDITIONS = "DEBUG $(inherited)";
				SWIFT_OPTIMIZATION_LEVEL = "-Onone";
			};
			name = Debug;
		};
		FA42FDAC2B336394004B1220 /* Release */ = {
			isa = XCBuildConfiguration;
			buildSettings = {
				ALWAYS_SEARCH_USER_PATHS = NO;
				ASSETCATALOG_COMPILER_GENERATE_SWIFT_ASSET_SYMBOL_EXTENSIONS = YES;
				CLANG_ANALYZER_NONNULL = YES;
				CLANG_ANALYZER_NUMBER_OBJECT_CONVERSION = YES_AGGRESSIVE;
				CLANG_CXX_LANGUAGE_STANDARD = "gnu++20";
				CLANG_ENABLE_MODULES = YES;
				CLANG_ENABLE_OBJC_ARC = YES;
				CLANG_ENABLE_OBJC_WEAK = YES;
				CLANG_WARN_BLOCK_CAPTURE_AUTORELEASING = YES;
				CLANG_WARN_BOOL_CONVERSION = YES;
				CLANG_WARN_COMMA = YES;
				CLANG_WARN_CONSTANT_CONVERSION = YES;
				CLANG_WARN_DEPRECATED_OBJC_IMPLEMENTATIONS = YES;
				CLANG_WARN_DIRECT_OBJC_ISA_USAGE = YES_ERROR;
				CLANG_WARN_DOCUMENTATION_COMMENTS = YES;
				CLANG_WARN_EMPTY_BODY = YES;
				CLANG_WARN_ENUM_CONVERSION = YES;
				CLANG_WARN_INFINITE_RECURSION = YES;
				CLANG_WARN_INT_CONVERSION = YES;
				CLANG_WARN_NON_LITERAL_NULL_CONVERSION = YES;
				CLANG_WARN_OBJC_IMPLICIT_RETAIN_SELF = YES;
				CLANG_WARN_OBJC_LITERAL_CONVERSION = YES;
				CLANG_WARN_OBJC_ROOT_CLASS = YES_ERROR;
				CLANG_WARN_QUOTED_INCLUDE_IN_FRAMEWORK_HEADER = YES;
				CLANG_WARN_RANGE_LOOP_ANALYSIS = YES;
				CLANG_WARN_STRICT_PROTOTYPES = YES;
				CLANG_WARN_SUSPICIOUS_MOVE = YES;
				CLANG_WARN_UNGUARDED_AVAILABILITY = YES_AGGRESSIVE;
				CLANG_WARN_UNREACHABLE_CODE = YES;
				CLANG_WARN__DUPLICATE_METHOD_MATCH = YES;
				COPY_PHASE_STRIP = NO;
				DEBUG_INFORMATION_FORMAT = "dwarf-with-dsym";
				ENABLE_NS_ASSERTIONS = NO;
				ENABLE_STRICT_OBJC_MSGSEND = YES;
				ENABLE_USER_SCRIPT_SANDBOXING = YES;
				GCC_C_LANGUAGE_STANDARD = gnu17;
				GCC_NO_COMMON_BLOCKS = YES;
				GCC_WARN_64_TO_32_BIT_CONVERSION = YES;
				GCC_WARN_ABOUT_RETURN_TYPE = YES_ERROR;
				GCC_WARN_UNDECLARED_SELECTOR = YES;
				GCC_WARN_UNINITIALIZED_AUTOS = YES_AGGRESSIVE;
				GCC_WARN_UNUSED_FUNCTION = YES;
				GCC_WARN_UNUSED_VARIABLE = YES;
				IPHONEOS_DEPLOYMENT_TARGET = 17.2;
				LOCALIZATION_PREFERS_STRING_CATALOGS = YES;
				MTL_ENABLE_DEBUG_INFO = NO;
				MTL_FAST_MATH = YES;
				SDKROOT = iphoneos;
				SWIFT_COMPILATION_MODE = wholemodule;
				VALIDATE_PRODUCT = YES;
			};
			name = Release;
		};
		FA42FDAE2B336394004B1220 /* Debug */ = {
			isa = XCBuildConfiguration;
			buildSettings = {
				ASSETCATALOG_COMPILER_APPICON_NAME = AppIcon;
				ASSETCATALOG_COMPILER_GLOBAL_ACCENT_COLOR_NAME = AccentColor;
				CODE_SIGN_ENTITLEMENTS = TravelDiary/TravelDiary.entitlements;
				CODE_SIGN_STYLE = Automatic;
				CURRENT_PROJECT_VERSION = 1;
				DEVELOPMENT_ASSET_PATHS = "\"TravelDiary/Preview Content\"";
				ENABLE_PREVIEWS = YES;
				GENERATE_INFOPLIST_FILE = YES;
				INFOPLIST_FILE = TravelDiary/Info.plist;
				INFOPLIST_KEY_UIApplicationSceneManifest_Generation = YES;
				INFOPLIST_KEY_UIApplicationSupportsIndirectInputEvents = YES;
				INFOPLIST_KEY_UILaunchScreen_Generation = YES;
				INFOPLIST_KEY_UISupportedInterfaceOrientations_iPad = "UIInterfaceOrientationPortrait UIInterfaceOrientationPortraitUpsideDown UIInterfaceOrientationLandscapeLeft UIInterfaceOrientationLandscapeRight";
				INFOPLIST_KEY_UISupportedInterfaceOrientations_iPhone = "UIInterfaceOrientationPortrait UIInterfaceOrientationLandscapeLeft UIInterfaceOrientationLandscapeRight";
				LD_RUNPATH_SEARCH_PATHS = (
					"$(inherited)",
					"@executable_path/Frameworks",
				);
				MARKETING_VERSION = 1.0;
				PRODUCT_BUNDLE_IDENTIFIER = com.becoollll.TravelDiary;
				PRODUCT_NAME = "$(TARGET_NAME)";
				SWIFT_EMIT_LOC_STRINGS = YES;
				SWIFT_VERSION = 5.0;
				TARGETED_DEVICE_FAMILY = "1,2";
			};
			name = Debug;
		};
		FA42FDAF2B336394004B1220 /* Release */ = {
			isa = XCBuildConfiguration;
			buildSettings = {
				ASSETCATALOG_COMPILER_APPICON_NAME = AppIcon;
				ASSETCATALOG_COMPILER_GLOBAL_ACCENT_COLOR_NAME = AccentColor;
				CODE_SIGN_ENTITLEMENTS = TravelDiary/TravelDiary.entitlements;
				CODE_SIGN_STYLE = Automatic;
				CURRENT_PROJECT_VERSION = 1;
				DEVELOPMENT_ASSET_PATHS = "\"TravelDiary/Preview Content\"";
				ENABLE_PREVIEWS = YES;
				GENERATE_INFOPLIST_FILE = YES;
				INFOPLIST_FILE = TravelDiary/Info.plist;
				INFOPLIST_KEY_UIApplicationSceneManifest_Generation = YES;
				INFOPLIST_KEY_UIApplicationSupportsIndirectInputEvents = YES;
				INFOPLIST_KEY_UILaunchScreen_Generation = YES;
				INFOPLIST_KEY_UISupportedInterfaceOrientations_iPad = "UIInterfaceOrientationPortrait UIInterfaceOrientationPortraitUpsideDown UIInterfaceOrientationLandscapeLeft UIInterfaceOrientationLandscapeRight";
				INFOPLIST_KEY_UISupportedInterfaceOrientations_iPhone = "UIInterfaceOrientationPortrait UIInterfaceOrientationLandscapeLeft UIInterfaceOrientationLandscapeRight";
				LD_RUNPATH_SEARCH_PATHS = (
					"$(inherited)",
					"@executable_path/Frameworks",
				);
				MARKETING_VERSION = 1.0;
				PRODUCT_BUNDLE_IDENTIFIER = com.becoollll.TravelDiary;
				PRODUCT_NAME = "$(TARGET_NAME)";
				SWIFT_EMIT_LOC_STRINGS = YES;
				SWIFT_VERSION = 5.0;
				TARGETED_DEVICE_FAMILY = "1,2";
			};
			name = Release;
		};
/* End XCBuildConfiguration section */

/* Begin XCConfigurationList section */
		FA42FD962B336391004B1220 /* Build configuration list for PBXProject "TravelDiary" */ = {
			isa = XCConfigurationList;
			buildConfigurations = (
				FA42FDAB2B336394004B1220 /* Debug */,
				FA42FDAC2B336394004B1220 /* Release */,
			);
			defaultConfigurationIsVisible = 0;
			defaultConfigurationName = Release;
		};
		FA42FDAD2B336394004B1220 /* Build configuration list for PBXNativeTarget "TravelDiary" */ = {
			isa = XCConfigurationList;
			buildConfigurations = (
				FA42FDAE2B336394004B1220 /* Debug */,
				FA42FDAF2B336394004B1220 /* Release */,
			);
			defaultConfigurationIsVisible = 0;
			defaultConfigurationName = Release;
		};
/* End XCConfigurationList section */
	};
	rootObject = FA42FD932B336391004B1220 /* Project object */;
}
